
Microsoft Visual Studio Solution File, Format Version 12.00
# Visual Studio Version 17
VisualStudioVersion = 17.6.33829.357
MinimumVisualStudioVersion = 10.0.40219.1
Project("{888888A0-9F3D-457C-B088-3A5042F75D52}") = "PMT_Gui", "PMT_Gui\PMT_Gui.pyproj", "{D0A85BCF-F89B-46F5-8DCB-2D12D07D9320}"
EndProject
Global
	GlobalSection(SolutionConfigurationPlatforms) = preSolution
		Debug|Any CPU = Debug|Any CPU
		Release|Any CPU = Release|Any CPU
	EndGlobalSection
	GlobalSection(ProjectConfigurationPlatforms) = postSolution
		{D0A85BCF-F89B-46F5-8DCB-2D12D07D9320}.Debug|Any CPU.ActiveCfg = Debug|Any CPU
		{D0A85BCF-F89B-46F5-8DCB-2D12D07D9320}.Release|Any CPU.ActiveCfg = Release|Any CPU
	EndGlobalSection
	GlobalSection(SolutionProperties) = preSolution
		HideSolutionNode = FALSE
	EndGlobalSection
	GlobalSection(ExtensibilityGlobals) = postSolution
		SolutionGuid = {5C3A8B67-45BD-433B-8E60-E9F4483E9430}
	EndGlobalSection
EndGlobal
